hash: 646bf8732ba4a6f639a823ab6a0136268b655691ff8b0ff8ae79984e9bf09661
updated: 2017-09-10T21:25:06.635954264+08:00
imports:
- name: github.com/codegangsta/inject
  version: 37d7f8432a3e684eef9b2edece76bdfa6ac85b39
- name: github.com/go-martini/martini
  version: 49411a5b646861ad29a6ddd5351717a0a9c49b94
testImports: []
