hash: b753000cff2aaad0dc02a081e41dd2372e85a0f6827689c7334de25fb4345d0c
updated: 2017-09-10T01:26:10.359567537+08:00
imports:
- name: github.com/codegangsta/inject
  version: 33e0aa1cb7c019ccc3fbe049a8262a6403d30504
- name: github.com/go-martini/martini
  version: 49411a5b646861ad29a6ddd5351717a0a9c49b94
testImports: []
